
Microsoft Visual Studio Solution File, Format Version 12.00
# Visual Studio 14
VisualStudioVersion = 14.0.25420.1
MinimumVisualStudioVersion = 10.0.40219.1
Project("{FAE04EC0-301F-11D3-BF4B-00C04F79EFBC}") = "YunkuSDKEntDemo", "YunkuSDKEntDemo\YunkuSDKEntDemo.csproj", "{75431A1A-61C5-4684-84D3-146EA5F39084}"
EndProject
Project("{FAE04EC0-301F-11D3-BF4B-00C04F79EFBC}") = "YunkuEntSDK", "..\YunkuEntSDK\YunkuEntSDK\YunkuEntSDK.csproj", "{C6840E0C-8270-4C0B-B42B-19E3AEF60174}"
EndProject
Project("{FAE04EC0-301F-11D3-BF4B-00C04F79EFBC}") = "YunkuEntSDKTests", "..\YunkuEntSDK\YunkuEntSDKTests\YunkuEntSDKTests.csproj", "{5F827658-E0EF-4417-9275-2804005B24E2}"
EndProject
Project("{2150E333-8FDC-42A3-9474-1A3956D46DE8}") = "Solution Items", "Solution Items", "{6AEEA5F8-CE5D-404A-9232-782F4B2EAA10}"
	ProjectSection(SolutionItems) = preProject
		..\.gitignore = ..\.gitignore
		..\README.md = ..\README.md
	EndProjectSection
EndProject
Global
	GlobalSection(SolutionConfigurationPlatforms) = preSolution
		Debug|Any CPU = Debug|Any CPU
		Release|Any CPU = Release|Any CPU
	EndGlobalSection
	GlobalSection(ProjectConfigurationPlatforms) = postSolution
		{75431A1A-61C5-4684-84D3-146EA5F39084}.Debug|Any CPU.ActiveCfg = Debug|Any CPU
		{75431A1A-61C5-4684-84D3-146EA5F39084}.Debug|Any CPU.Build.0 = Debug|Any CPU
		{75431A1A-61C5-4684-84D3-146EA5F39084}.Release|Any CPU.ActiveCfg = Release|Any CPU
		{75431A1A-61C5-4684-84D3-146EA5F39084}.Release|Any CPU.Build.0 = Release|Any CPU
		{C6840E0C-8270-4C0B-B42B-19E3AEF60174}.Debug|Any CPU.ActiveCfg = Debug|Any CPU
		{C6840E0C-8270-4C0B-B42B-19E3AEF60174}.Debug|Any CPU.Build.0 = Debug|Any CPU
		{C6840E0C-8270-4C0B-B42B-19E3AEF60174}.Release|Any CPU.ActiveCfg = Release|Any CPU
		{C6840E0C-8270-4C0B-B42B-19E3AEF60174}.Release|Any CPU.Build.0 = Release|Any CPU
		{5F827658-E0EF-4417-9275-2804005B24E2}.Debug|Any CPU.ActiveCfg = Debug|Any CPU
		{5F827658-E0EF-4417-9275-2804005B24E2}.Debug|Any CPU.Build.0 = Debug|Any CPU
		{5F827658-E0EF-4417-9275-2804005B24E2}.Release|Any CPU.ActiveCfg = Release|Any CPU
		{5F827658-E0EF-4417-9275-2804005B24E2}.Release|Any CPU.Build.0 = Release|Any CPU
	EndGlobalSection
	GlobalSection(SolutionProperties) = preSolution
		HideSolutionNode = FALSE
	EndGlobalSection
EndGlobal
